
Microsoft Visual Studio Solution File, Format Version 12.00
# Visual Studio Version 16
VisualStudioVersion = 16.0.30225.117
MinimumVisualStudioVersion = 10.0.40219.1
Project("{FAE04EC0-301F-11D3-BF4B-00C04F79EFBC}") = "XamarinBindingIssue2.Android", "XamarinBindingIssue2\XamarinBindingIssue2.Android\XamarinBindingIssue2.Android.csproj", "{7BC50959-FF1C-4D18-91E1-B7B245CB8F1C}"
EndProject
Project("{FAE04EC0-301F-11D3-BF4B-00C04F79EFBC}") = "XamarinBindingIssue2", "XamarinBindingIssue2\XamarinBindingIssue2\XamarinBindingIssue2.csproj", "{12594955-04AD-467E-BF13-4BFE3D9068DC}"
EndProject
Global
	GlobalSection(SolutionConfigurationPlatforms) = preSolution
		Debug|Any CPU = Debug|Any CPU
		Release|Any CPU = Release|Any CPU
	EndGlobalSection
	GlobalSection(ProjectConfigurationPlatforms) = postSolution
		{7BC50959-FF1C-4D18-91E1-B7B245CB8F1C}.Debug|Any CPU.ActiveCfg = Debug|Any CPU
		{7BC50959-FF1C-4D18-91E1-B7B245CB8F1C}.Debug|Any CPU.Build.0 = Debug|Any CPU
		{7BC50959-FF1C-4D18-91E1-B7B245CB8F1C}.Debug|Any CPU.Deploy.0 = Debug|Any CPU
		{7BC50959-FF1C-4D18-91E1-B7B245CB8F1C}.Release|Any CPU.ActiveCfg = Release|Any CPU
		{7BC50959-FF1C-4D18-91E1-B7B245CB8F1C}.Release|Any CPU.Build.0 = Release|Any CPU
		{7BC50959-FF1C-4D18-91E1-B7B245CB8F1C}.Release|Any CPU.Deploy.0 = Release|Any CPU
		{12594955-04AD-467E-BF13-4BFE3D9068DC}.Debug|Any CPU.ActiveCfg = Debug|Any CPU
		{12594955-04AD-467E-BF13-4BFE3D9068DC}.Debug|Any CPU.Build.0 = Debug|Any CPU
		{12594955-04AD-467E-BF13-4BFE3D9068DC}.Debug|Any CPU.Deploy.0 = Debug|Any CPU
		{12594955-04AD-467E-BF13-4BFE3D9068DC}.Release|Any CPU.ActiveCfg = Release|Any CPU
		{12594955-04AD-467E-BF13-4BFE3D9068DC}.Release|Any CPU.Build.0 = Release|Any CPU
		{12594955-04AD-467E-BF13-4BFE3D9068DC}.Release|Any CPU.Deploy.0 = Release|Any CPU
	EndGlobalSection
	GlobalSection(SolutionProperties) = preSolution
		HideSolutionNode = FALSE
	EndGlobalSection
	GlobalSection(ExtensibilityGlobals) = postSolution
		SolutionGuid = {559DC90D-4CC8-46F7-ABEB-471A4C01B4F5}
	EndGlobalSection
EndGlobal
